
Microsoft Visual Studio Solution File, Format Version 12.00
# Visual Studio Version 17
VisualStudioVersion = 17.14.37027.9
MinimumVisualStudioVersion = 10.0.40219.1
Project("{FAE04EC0-301F-11D3-BF4B-00C04F79EFBC}") = "Nexo-App", "Nexo-App.csproj", "{013F99BB-A029-4AE0-8F0A-810311B1887E}"
EndProject
Global
	GlobalSection(SolutionConfigurationPlatforms) = preSolution
		Debug|Any CPU = Debug|Any CPU
		Release|Any CPU = Release|Any CPU
	EndGlobalSection
	GlobalSection(ProjectConfigurationPlatforms) = postSolution
		{013F99BB-A029-4AE0-8F0A-810311B1887E}.Debug|Any CPU.ActiveCfg = Debug|Any CPU
		{013F99BB-A029-4AE0-8F0A-810311B1887E}.Debug|Any CPU.Build.0 = Debug|Any CPU
		{013F99BB-A029-4AE0-8F0A-810311B1887E}.Release|Any CPU.ActiveCfg = Release|Any CPU
		{013F99BB-A029-4AE0-8F0A-810311B1887E}.Release|Any CPU.Build.0 = Release|Any CPU
	EndGlobalSection
	GlobalSection(SolutionProperties) = preSolution
		HideSolutionNode = FALSE
	EndGlobalSection
	GlobalSection(ExtensibilityGlobals) = postSolution
		SolutionGuid = {16114CF8-A964-4C5C-87A1-4A8B7CFF3A2E}
	EndGlobalSection
EndGlobal
